// !$*UTF8*$!
{
	archiveVersion = 1;
	classes = {
	};
	objectVersion = 50;
	objects = {

/* Begin PBXBuildFile section */
		29CCEC352388514700BF7A91 /* AppDelegate.swift in Sources */ = {isa = PBXBuildFile; fileRef = 29CCEC342388514700BF7A91 /* AppDelegate.swift */; };
		29CCEC372388514700BF7A91 /* SceneDelegate.swift in Sources */ = {isa = PBXBuildFile; fileRef = 29CCEC362388514700BF7A91 /* SceneDelegate.swift */; };
		29CCEC392388514700BF7A91 /* ViewController.swift in Sources */ = {isa = PBXBuildFile; fileRef = 29CCEC382388514700BF7A91 /* ViewController.swift */; };
		29CCEC3C2388514700BF7A91 /* Main.storyboard in Resources */ = {isa = PBXBuildFile; fileRef = 29CCEC3A2388514700BF7A91 /* Main.storyboard */; };
		29CCEC3E2388514800BF7A91 /* Assets.xcassets in Resources */ = {isa = PBXBuildFile; fileRef = 29CCEC3D2388514800BF7A91 /* Assets.xcassets */; };
		29CCEC412388514800BF7A91 /* LaunchScreen.storyboard in Resources */ = {isa = PBXBuildFile; fileRef = 29CCEC3F2388514800BF7A91 /* LaunchScreen.storyboard */; };
/* End PBXBuildFile section */

/* Begin PBXFileReference section */
		29CCEC312388514700BF7A91 /* aylto.app */ = {isa = PBXFileReference; explicitFileType = wrapper.application; includeInIndex = 0; path = aylto.app; sourceTree = BUILT_PRODUCTS_DIR; };
		29CCEC342388514700BF7A91 /* AppDelegate.swift */ = {isa = PBXFileReference; lastKnownFileType = sourcecode.swift; path = AppDelegate.swift; sourceTree = "<group>"; };
		29CCEC362388514700BF7A91 /* SceneDelegate.swift */ = {isa = PBXFileReference; lastKnownFileType = sourcecode.swift; path = SceneDelegate.swift; sourceTree = "<group>"; };
		29CCEC382388514700BF7A91 /* ViewController.swift */ = {isa = PBXFileReference; lastKnownFileType = sourcecode.swift; path = ViewController.swift; sourceTree = "<group>"; };
		29CCEC3B2388514700BF7A91 /* Base */ = {isa = PBXFileReference; lastKnownFileType = file.storyboard; name = Base; path = Base.lproj/Main.storyboard; sourceTree = "<group>"; };
		29CCEC3D2388514800BF7A91 /* Assets.xcassets */ = {isa = PBXFileReference; lastKnownFileType = folder.assetcatalog; path = Assets.xcassets; sourceTree = "<group>"; };
		29CCEC402388514800BF7A91 /* Base */ = {isa = PBXFileReference; lastKnownFileType = file.storyboard; name = Base; path = Base.lproj/LaunchScreen.storyboard; sourceTree = "<group>"; };
		29CCEC422388514800BF7A91 /* Info.plist */ = {isa = PBXFileReference; lastKnownFileType = text.plist.xml; path = Info.plist; sourceTree = "<group>"; };
/* End PBXFileReference section */

/* Begin PBXFrameworksBuildPhase section */
		29CCEC2E2388514700BF7A91 /* Frameworks */ = {
			isa = PBXFrameworksBuildPhase;
			buildActionMask = 2147483647;
			files = (
			);
			runOnlyForDeploymentPostprocessing = 0;
		};
/* End PBXFrameworksBuildPhase section */

/* Begin PBXGroup section */
		29CCEC282388514700BF7A91 = {
			isa = PBXGroup;
			children = (
				29CCEC332388514700BF7A91 /* aylto */,
				29CCEC322388514700BF7A91 /* Products */,
			);
			sourceTree = "<group>";
		};
		29CCEC322388514700BF7A91 /* Products */ = {
			isa = PBXGroup;
			children = (
				29CCEC312388514700BF7A91 /* aylto.app */,
			);
			name = Products;
			sourceTree = "<group>";
		};
		29CCEC332388514700BF7A91 /* aylto */ = {
			isa = PBXGroup;
			children = (
				29CCEC342388514700BF7A91 /* AppDelegate.swift */,
				29CCEC362388514700BF7A91 /* SceneDelegate.swift */,
				29CCEC382388514700BF7A91 /* ViewController.swift */,
				29CCEC3A2388514700BF7A91 /* Main.storyboard */,
				29CCEC3D2388514800BF7A91 /* Assets.xcassets */,
				29CCEC3F2388514800BF7A91 /* LaunchScreen.storyboard */,
				29CCEC422388514800BF7A91 /* Info.plist */,
			);
			path = aylto;
			sourceTree = "<group>";
		};
/* End PBXGroup section */

/* Begin PBXNativeTarget section */
		29CCEC302388514700BF7A91 /* aylto */ = {
			isa = PBXNativeTarget;
			buildConfigurationList = 29CCEC452388514800BF7A91 /* Build configuration list for PBXNativeTarget "aylto" */;
			buildPhases = (
				29CCEC2D2388514700BF7A91 /* Sources */,
				29CCEC2E2388514700BF7A91 /* Frameworks */,
				29CCEC2F2388514700BF7A91 /* Resources */,
			);
			buildRules = (
			);
			dependencies = (
			);
			name = aylto;
			productName = aylto;
			productReference = 29CCEC312388514700BF7A91 /* aylto.app */;
			productType = "com.apple.product-type.application";
		};
/* End PBXNativeTarget section */

/* Begin PBXProject section */
		29CCEC292388514700BF7A91 /* Project object */ = {
			isa = PBXProject;
			attributes = {
				LastSwiftUpdateCheck = 1110;
				LastUpgradeCheck = 1110;
				ORGANIZATIONNAME = "Gabriel Taques";
				TargetAttributes = {
					29CCEC302388514700BF7A91 = {
						CreatedOnToolsVersion = 11.1;
					};
				};
			};
			buildConfigurationList = 29CCEC2C2388514700BF7A91 /* Build configuration list for PBXProject "aylto" */;
			compatibilityVersion = "Xcode 9.3";
			developmentRegion = en;
			hasScannedForEncodings = 0;
			knownRegions = (
				en,
				Base,
			);
			mainGroup = 29CCEC282388514700BF7A91;
			productRefGroup = 29CCEC322388514700BF7A91 /* Products */;
			projectDirPath = "";
			projectRoot = "";
			targets = (
				29CCEC302388514700BF7A91 /* aylto */,
			);
		};
/* End PBXProject section */

/* Begin PBXResourcesBuildPhase section */
		29CCEC2F2388514700BF7A91 /* Resources */ = {
			isa = PBXResourcesBuildPhase;
			buildActionMask = 2147483647;
			files = (
				29CCEC412388514800BF7A91 /* LaunchScreen.storyboard in Resources */,
				29CCEC3E2388514800BF7A91 /* Assets.xcassets in Resources */,
				29CCEC3C2388514700BF7A91 /* Main.storyboard in Resources */,
			);
			runOnlyForDeploymentPostprocessing = 0;
		};
/* End PBXResourcesBuildPhase section */

/* Begin PBXSourcesBuildPhase section */
		29CCEC2D2388514700BF7A91 /* Sources */ = {
			isa = PBXSourcesBuildPhase;
			buildActionMask = 2147483647;
			files = (
				29CCEC392388514700BF7A91 /* ViewController.swift in Sources */,
				29CCEC352388514700BF7A91 /* AppDelegate.swift in Sources */,
				29CCEC372388514700BF7A91 /* SceneDelegate.swift in Sources */,
			);
			runOnlyForDeploymentPostprocessing = 0;
		};
/* End PBXSourcesBuildPhase section */

/* Begin PBXVariantGroup section */
		29CCEC3A2388514700BF7A91 /* Main.storyboard */ = {
			isa = PBXVariantGroup;
			children = (
				29CCEC3B2388514700BF7A91 /* Base */,
			);
			name = Main.storyboard;
			sourceTree = "<group>";
		};
		29CCEC3F2388514800BF7A91 /* LaunchScreen.storyboard */ = {
			isa = PBXVariantGroup;
			children = (
				29CCEC402388514800BF7A91 /* Base */,
			);
			name = LaunchScreen.storyboard;
			sourceTree = "<group>";
		};
/* End PBXVariantGroup section */

/* Begin XCBuildConfiguration section */
		29CCEC432388514800BF7A91 /* Debug */ = {
			isa = XCBuildConfiguration;
			buildSettings = {
				ALWAYS_SEARCH_USER_PATHS = NO;
				CLANG_ANALYZER_NONNULL = YES;
				CLANG_ANALYZER_NUMBER_OBJECT_CONVERSION = YES_AGGRESSIVE;
				CLANG_CXX_LANGUAGE_STANDARD = "gnu++14";
				CLANG_CXX_LIBRARY = "libc++";
				CLANG_ENABLE_MODULES = YES;
				CLANG_ENABLE_OBJC_ARC = YES;
				CLANG_ENABLE_OBJC_WEAK = YES;
				CLANG_WARN_BLOCK_CAPTURE_AUTORELEASING = YES;
				CLANG_WARN_BOOL_CONVERSION = YES;
				CLANG_WARN_COMMA = YES;
				CLANG_WARN_CONSTANT_CONVERSION = YES;
				CLANG_WARN_DEPRECATED_OBJC_IMPLEMENTATIONS = YES;
				CLANG_WARN_DIRECT_OBJC_ISA_USAGE = YES_ERROR;
				CLANG_WARN_DOCUMENTATION_COMMENTS = YES;
				CLANG_WARN_EMPTY_BODY = YES;
				CLANG_WARN_ENUM_CONVERSION = YES;
				CLANG_WARN_INFINITE_RECURSION = YES;
				CLANG_WARN_INT_CONVERSION = YES;
				CLANG_WARN_NON_LITERAL_NULL_CONVERSION = YES;
				CLANG_WARN_OBJC_IMPLICIT_RETAIN_SELF = YES;
				CLANG_WARN_OBJC_LITERAL_CONVERSION = YES;
				CLANG_WARN_OBJC_ROOT_CLASS = YES_ERROR;
				CLANG_WARN_RANGE_LOOP_ANALYSIS = YES;
				CLANG_WARN_STRICT_PROTOTYPES = YES;
				CLANG_WARN_SUSPICIOUS_MOVE = YES;
				CLANG_WARN_UNGUARDED_AVAILABILITY = YES_AGGRESSIVE;
				CLANG_WARN_UNREACHABLE_CODE = YES;
				CLANG_WARN__DUPLICATE_METHOD_MATCH = YES;
				COPY_PHASE_STRIP = NO;
				DEBUG_INFORMATION_FORMAT = dwarf;
				ENABLE_STRICT_OBJC_MSGSEND = YES;
				ENABLE_TESTABILITY = YES;
				GCC_C_LANGUAGE_STANDARD = gnu11;
				GCC_DYNAMIC_NO_PIC = NO;
				GCC_NO_COMMON_BLOCKS = YES;
				GCC_OPTIMIZATION_LEVEL = 0;
				GCC_PREPROCESSOR_DEFINITIONS = (
					"DEBUG=1",
					"$(inherited)",
				);
				GCC_WARN_64_TO_32_BIT_CONVERSION = YES;
				GCC_WARN_ABOUT_RETURN_TYPE = YES_ERROR;
				GCC_WARN_UNDECLARED_SELECTOR = YES;
				GCC_WARN_UNINITIALIZED_AUTOS = YES_AGGRESSIVE;
				GCC_WARN_UNUSED_FUNCTION = YES;
				GCC_WARN_UNUSED_VARIABLE = YES;
				IPHONEOS_DEPLOYMENT_TARGET = 13.1;
				MTL_ENABLE_DEBUG_INFO = INCLUDE_SOURCE;
				MTL_FAST_MATH = YES;
				ONLY_ACTIVE_ARCH = YES;
				SDKROOT = iphoneos;
				SWIFT_ACTIVE_COMPILATION_CONDITIONS = DEBUG;
				SWIFT_OPTIMIZATION_LEVEL = "-Onone";
			};
			name = Debug;
		};
		29CCEC442388514800BF7A91 /* Release */ = {
			isa = XCBuildConfiguration;
			buildSettings = {
				ALWAYS_SEARCH_USER_PATHS = NO;
				CLANG_ANALYZER_NONNULL = YES;
				CLANG_ANALYZER_NUMBER_OBJECT_CONVERSION = YES_AGGRESSIVE;
				CLANG_CXX_LANGUAGE_STANDARD = "gnu++14";
				CLANG_CXX_LIBRARY = "libc++";
				CLANG_ENABLE_MODULES = YES;
				CLANG_ENABLE_OBJC_ARC = YES;
				CLANG_ENABLE_OBJC_WEAK = YES;
				CLANG_WARN_BLOCK_CAPTURE_AUTORELEASING = YES;
				CLANG_WARN_BOOL_CONVERSION = YES;
				CLANG_WARN_COMMA = YES;
				CLANG_WARN_CONSTANT_CONVERSION = YES;
				CLANG_WARN_DEPRECATED_OBJC_IMPLEMENTATIONS = YES;
				CLANG_WARN_DIRECT_OBJC_ISA_USAGE = YES_ERROR;
				CLANG_WARN_DOCUMENTATION_COMMENTS = YES;
				CLANG_WARN_EMPTY_BODY = YES;
				CLANG_WARN_ENUM_CONVERSION = YES;
				CLANG_WARN_INFINITE_RECURSION = YES;
				CLANG_WARN_INT_CONVERSION = YES;
				CLANG_WARN_NON_LITERAL_NULL_CONVERSION = YES;
				CLANG_WARN_OBJC_IMPLICIT_RETAIN_SELF = YES;
				CLANG_WARN_OBJC_LITERAL_CONVERSION = YES;
				CLANG_WARN_OBJC_ROOT_CLASS = YES_ERROR;
				CLANG_WARN_RANGE_LOOP_ANALYSIS = YES;
				CLANG_WARN_STRICT_PROTOTYPES = YES;
				CLANG_WARN_SUSPICIOUS_MOVE = YES;
				CLANG_WARN_UNGUARDED_AVAILABILITY = YES_AGGRESSIVE;
				CLANG_WARN_UNREACHABLE_CODE = YES;
				CLANG_WARN__DUPLICATE_METHOD_MATCH = YES;
				COPY_PHASE_STRIP = NO;
				DEBUG_INFORMATION_FORMAT = "dwarf-with-dsym";
				ENABLE_NS_ASSERTIONS = NO;
				ENABLE_STRICT_OBJC_MSGSEND = YES;
				GCC_C_LANGUAGE_STANDARD = gnu11;
				GCC_NO_COMMON_BLOCKS = YES;
				GCC_WARN_64_TO_32_BIT_CONVERSION = YES;
				GCC_WARN_ABOUT_RETURN_TYPE = YES_ERROR;
				GCC_WARN_UNDECLARED_SELECTOR = YES;
				GCC_WARN_UNINITIALIZED_AUTOS = YES_AGGRESSIVE;
				GCC_WARN_UNUSED_FUNCTION = YES;
				GCC_WARN_UNUSED_VARIABLE = YES;
				IPHONEOS_DEPLOYMENT_TARGET = 13.1;
				MTL_ENABLE_DEBUG_INFO = NO;
				MTL_FAST_MATH = YES;
				SDKROOT = iphoneos;
				SWIFT_COMPILATION_MODE = wholemodule;
				SWIFT_OPTIMIZATION_LEVEL = "-O";
				VALIDATE_PRODUCT = YES;
			};
			name = Release;
		};
		29CCEC462388514800BF7A91 /* Debug */ = {
			isa = XCBuildConfiguration;
			buildSettings = {
				ASSETCATALOG_COMPILER_APPICON_NAME = AppIcon;
				CODE_SIGN_STYLE = Automatic;
				DEVELOPMENT_TEAM = Z9M62WF3J6;
				INFOPLIST_FILE = aylto/Info.plist;
				LD_RUNPATH_SEARCH_PATHS = (
					"$(inherited)",
					"@executable_path/Frameworks",
				);
				PRODUCT_BUNDLE_IDENTIFIER = com.taquesboringcompany.aylto;
				PRODUCT_NAME = "$(TARGET_NAME)";
				SWIFT_VERSION = 5.0;
				TARGETED_DEVICE_FAMILY = "1,2";
			};
			name = Debug;
		};
		29CCEC472388514800BF7A91 /* Release */ = {
			isa = XCBuildConfiguration;
			buildSettings = {
				ASSETCATALOG_COMPILER_APPICON_NAME = AppIcon;
				CODE_SIGN_STYLE = Automatic;
				DEVELOPMENT_TEAM = Z9M62WF3J6;
				INFOPLIST_FILE = aylto/Info.plist;
				LD_RUNPATH_SEARCH_PATHS = (
					"$(inherited)",
					"@executable_path/Frameworks",
				);
				PRODUCT_BUNDLE_IDENTIFIER = com.taquesboringcompany.aylto;
				PRODUCT_NAME = "$(TARGET_NAME)";
				SWIFT_VERSION = 5.0;
				TARGETED_DEVICE_FAMILY = "1,2";
			};
			name = Release;
		};
/* End XCBuildConfiguration section */

/* Begin XCConfigurationList section */
		29CCEC2C2388514700BF7A91 /* Build configuration list for PBXProject "aylto" */ = {
			isa = XCConfigurationList;
			buildConfigurations = (
				29CCEC432388514800BF7A91 /* Debug */,
				29CCEC442388514800BF7A91 /* Release */,
			);
			defaultConfigurationIsVisible = 0;
			defaultConfigurationName = Release;
		};
		29CCEC452388514800BF7A91 /* Build configuration list for PBXNativeTarget "aylto" */ = {
			isa = XCConfigurationList;
			buildConfigurations = (
				29CCEC462388514800BF7A91 /* Debug */,
				29CCEC472388514800BF7A91 /* Release */,
			);
			defaultConfigurationIsVisible = 0;
			defaultConfigurationName = Release;
		};
/* End XCConfigurationList section */
	};
	rootObject = 29CCEC292388514700BF7A91 /* Project object */;
}
